
Microsoft Visual Studio Solution File, Format Version 12.00
# Visual Studio Version 17
VisualStudioVersion = 17.0.31903.59
MinimumVisualStudioVersion = 10.0.40219.1
Project("{2150E333-8FDC-42A3-9474-1A3956D46DE8}") = "src", "src", "{827E0CD3-B72D-47B6-A68D-7590B98EB39B}"
EndProject
Project("{FAE04EC0-301F-11D3-BF4B-00C04F79EFBC}") = "DietitianApp.Agent.Poc", "src\DietitianApp.Agent.Poc\DietitianApp.Agent.Poc.csproj", "{4F1B5E55-EB15-4CC4-8F61-B44A129272EB}"
EndProject
Project("{FAE04EC0-301F-11D3-BF4B-00C04F79EFBC}") = "DietitianApp.Agent.Poc.Tests", "tests\DietitianApp.Agent.Poc.Tests\DietitianApp.Agent.Poc.Tests.csproj", "{9E5D04BD-E2D4-4EDD-BC8D-BF1CC9AD0A9B}"
EndProject
Project("{FAE04EC0-301F-11D3-BF4B-00C04F79EFBC}") = "DietitianApp.Agent.Domain", "src\DietitianApp.Agent.Domain\DietitianApp.Agent.Domain.csproj", "{0E7ECC44-2469-46E6-B978-8CEE21FC1115}"
EndProject
Project("{FAE04EC0-301F-11D3-BF4B-00C04F79EFBC}") = "DietitianApp.Agent.Application", "src\DietitianApp.Agent.Application\DietitianApp.Agent.Application.csproj", "{7F518A21-7F09-458D-9370-9CEFEACD912B}"
EndProject
Project("{FAE04EC0-301F-11D3-BF4B-00C04F79EFBC}") = "DietitianApp.Agent.Infrastructure", "src\DietitianApp.Agent.Infrastructure\DietitianApp.Agent.Infrastructure.csproj", "{9832CA87-3C06-410B-B7EA-D20FE10E8BF4}"
EndProject
Project("{FAE04EC0-301F-11D3-BF4B-00C04F79EFBC}") = "DietitianApp.Agent.Desktop", "src\DietitianApp.Agent.Desktop\DietitianApp.Agent.Desktop.csproj", "{4F97DFEE-600F-49F0-9A99-B388231B70B0}"
EndProject
Project("{2150E333-8FDC-42A3-9474-1A3956D46DE8}") = "tests", "tests", "{5F265CF5-8074-4E9F-A791-91FD611FB31C}"
EndProject
Project("{FAE04EC0-301F-11D3-BF4B-00C04F79EFBC}") = "DietitianApp.Agent.Application.Tests", "tests\DietitianApp.Agent.Application.Tests\DietitianApp.Agent.Application.Tests.csproj", "{7C79D18B-2AC0-4788-A0BF-9516EDDB5A7C}"
EndProject
Project("{FAE04EC0-301F-11D3-BF4B-00C04F79EFBC}") = "DietitianApp.Agent.Infrastructure.Tests", "tests\DietitianApp.Agent.Infrastructure.Tests\DietitianApp.Agent.Infrastructure.Tests.csproj", "{6DCF4184-C602-4880-BB29-2237F2E2D96A}"
EndProject
Global
	GlobalSection(SolutionConfigurationPlatforms) = preSolution
		Debug|Any CPU = Debug|Any CPU
		Debug|x64 = Debug|x64
		Debug|x86 = Debug|x86
		Release|Any CPU = Release|Any CPU
		Release|x64 = Release|x64
		Release|x86 = Release|x86
	EndGlobalSection
	GlobalSection(ProjectConfigurationPlatforms) = postSolution
		{4F1B5E55-EB15-4CC4-8F61-B44A129272EB}.Debug|Any CPU.ActiveCfg = Debug|Any CPU
		{4F1B5E55-EB15-4CC4-8F61-B44A129272EB}.Debug|Any CPU.Build.0 = Debug|Any CPU
		{4F1B5E55-EB15-4CC4-8F61-B44A129272EB}.Debug|x64.ActiveCfg = Debug|Any CPU
		{4F1B5E55-EB15-4CC4-8F61-B44A129272EB}.Debug|x64.Build.0 = Debug|Any CPU
		{4F1B5E55-EB15-4CC4-8F61-B44A129272EB}.Debug|x86.ActiveCfg = Debug|Any CPU
		{4F1B5E55-EB15-4CC4-8F61-B44A129272EB}.Debug|x86.Build.0 = Debug|Any CPU
		{4F1B5E55-EB15-4CC4-8F61-B44A129272EB}.Release|Any CPU.ActiveCfg = Release|Any CPU
		{4F1B5E55-EB15-4CC4-8F61-B44A129272EB}.Release|Any CPU.Build.0 = Release|Any CPU
		{4F1B5E55-EB15-4CC4-8F61-B44A129272EB}.Release|x64.ActiveCfg = Release|Any CPU
		{4F1B5E55-EB15-4CC4-8F61-B44A129272EB}.Release|x64.Build.0 = Release|Any CPU
		{4F1B5E55-EB15-4CC4-8F61-B44A129272EB}.Release|x86.ActiveCfg = Release|Any CPU
		{4F1B5E55-EB15-4CC4-8F61-B44A129272EB}.Release|x86.Build.0 = Release|Any CPU
		{9E5D04BD-E2D4-4EDD-BC8D-BF1CC9AD0A9B}.Debug|Any CPU.ActiveCfg = Debug|Any CPU
		{9E5D04BD-E2D4-4EDD-BC8D-BF1CC9AD0A9B}.Debug|Any CPU.Build.0 = Debug|Any CPU
		{9E5D04BD-E2D4-4EDD-BC8D-BF1CC9AD0A9B}.Debug|x64.ActiveCfg = Debug|Any CPU
		{9E5D04BD-E2D4-4EDD-BC8D-BF1CC9AD0A9B}.Debug|x64.Build.0 = Debug|Any CPU
		{9E5D04BD-E2D4-4EDD-BC8D-BF1CC9AD0A9B}.Debug|x86.ActiveCfg = Debug|Any CPU
		{9E5D04BD-E2D4-4EDD-BC8D-BF1CC9AD0A9B}.Debug|x86.Build.0 = Debug|Any CPU
		{9E5D04BD-E2D4-4EDD-BC8D-BF1CC9AD0A9B}.Release|Any CPU.ActiveCfg = Release|Any CPU
		{9E5D04BD-E2D4-4EDD-BC8D-BF1CC9AD0A9B}.Release|Any CPU.Build.0 = Release|Any CPU
		{9E5D04BD-E2D4-4EDD-BC8D-BF1CC9AD0A9B}.Release|x64.ActiveCfg = Release|Any CPU
		{9E5D04BD-E2D4-4EDD-BC8D-BF1CC9AD0A9B}.Release|x64.Build.0 = Release|Any CPU
		{9E5D04BD-E2D4-4EDD-BC8D-BF1CC9AD0A9B}.Release|x86.ActiveCfg = Release|Any CPU
		{9E5D04BD-E2D4-4EDD-BC8D-BF1CC9AD0A9B}.Release|x86.Build.0 = Release|Any CPU
		{0E7ECC44-2469-46E6-B978-8CEE21FC1115}.Debug|Any CPU.ActiveCfg = Debug|Any CPU
		{0E7ECC44-2469-46E6-B978-8CEE21FC1115}.Debug|Any CPU.Build.0 = Debug|Any CPU
		{0E7ECC44-2469-46E6-B978-8CEE21FC1115}.Debug|x64.ActiveCfg = Debug|Any CPU
		{0E7ECC44-2469-46E6-B978-8CEE21FC1115}.Debug|x64.Build.0 = Debug|Any CPU
		{0E7ECC44-2469-46E6-B978-8CEE21FC1115}.Debug|x86.ActiveCfg = Debug|Any CPU
		{0E7ECC44-2469-46E6-B978-8CEE21FC1115}.Debug|x86.Build.0 = Debug|Any CPU
		{0E7ECC44-2469-46E6-B978-8CEE21FC1115}.Release|Any CPU.ActiveCfg = Release|Any CPU
		{0E7ECC44-2469-46E6-B978-8CEE21FC1115}.Release|Any CPU.Build.0 = Release|Any CPU
		{0E7ECC44-2469-46E6-B978-8CEE21FC1115}.Release|x64.ActiveCfg = Release|Any CPU
		{0E7ECC44-2469-46E6-B978-8CEE21FC1115}.Release|x64.Build.0 = Release|Any CPU
		{0E7ECC44-2469-46E6-B978-8CEE21FC1115}.Release|x86.ActiveCfg = Release|Any CPU
		{0E7ECC44-2469-46E6-B978-8CEE21FC1115}.Release|x86.Build.0 = Release|Any CPU
		{7F518A21-7F09-458D-9370-9CEFEACD912B}.Debug|Any CPU.ActiveCfg = Debug|Any CPU
		{7F518A21-7F09-458D-9370-9CEFEACD912B}.Debug|Any CPU.Build.0 = Debug|Any CPU
		{7F518A21-7F09-458D-9370-9CEFEACD912B}.Debug|x64.ActiveCfg = Debug|Any CPU
		{7F518A21-7F09-458D-9370-9CEFEACD912B}.Debug|x64.Build.0 = Debug|Any CPU
		{7F518A21-7F09-458D-9370-9CEFEACD912B}.Debug|x86.ActiveCfg = Debug|Any CPU
		{7F518A21-7F09-458D-9370-9CEFEACD912B}.Debug|x86.Build.0 = Debug|Any CPU
		{7F518A21-7F09-458D-9370-9CEFEACD912B}.Release|Any CPU.ActiveCfg = Release|Any CPU
		{7F518A21-7F09-458D-9370-9CEFEACD912B}.Release|Any CPU.Build.0 = Release|Any CPU
		{7F518A21-7F09-458D-9370-9CEFEACD912B}.Release|x64.ActiveCfg = Release|Any CPU
		{7F518A21-7F09-458D-9370-9CEFEACD912B}.Release|x64.Build.0 = Release|Any CPU
		{7F518A21-7F09-458D-9370-9CEFEACD912B}.Release|x86.ActiveCfg = Release|Any CPU
		{7F518A21-7F09-458D-9370-9CEFEACD912B}.Release|x86.Build.0 = Release|Any CPU
		{9832CA87-3C06-410B-B7EA-D20FE10E8BF4}.Debug|Any CPU.ActiveCfg = Debug|Any CPU
		{9832CA87-3C06-410B-B7EA-D20FE10E8BF4}.Debug|Any CPU.Build.0 = Debug|Any CPU
		{9832CA87-3C06-410B-B7EA-D20FE10E8BF4}.Debug|x64.ActiveCfg = Debug|Any CPU
		{9832CA87-3C06-410B-B7EA-D20FE10E8BF4}.Debug|x64.Build.0 = Debug|Any CPU
		{9832CA87-3C06-410B-B7EA-D20FE10E8BF4}.Debug|x86.ActiveCfg = Debug|Any CPU
		{9832CA87-3C06-410B-B7EA-D20FE10E8BF4}.Debug|x86.Build.0 = Debug|Any CPU
		{9832CA87-3C06-410B-B7EA-D20FE10E8BF4}.Release|Any CPU.ActiveCfg = Release|Any CPU
		{9832CA87-3C06-410B-B7EA-D20FE10E8BF4}.Release|Any CPU.Build.0 = Release|Any CPU
		{9832CA87-3C06-410B-B7EA-D20FE10E8BF4}.Release|x64.ActiveCfg = Release|Any CPU
		{9832CA87-3C06-410B-B7EA-D20FE10E8BF4}.Release|x64.Build.0 = Release|Any CPU
		{9832CA87-3C06-410B-B7EA-D20FE10E8BF4}.Release|x86.ActiveCfg = Release|Any CPU
		{9832CA87-3C06-410B-B7EA-D20FE10E8BF4}.Release|x86.Build.0 = Release|Any CPU
		{4F97DFEE-600F-49F0-9A99-B388231B70B0}.Debug|Any CPU.ActiveCfg = Debug|Any CPU
		{4F97DFEE-600F-49F0-9A99-B388231B70B0}.Debug|Any CPU.Build.0 = Debug|Any CPU
		{4F97DFEE-600F-49F0-9A99-B388231B70B0}.Debug|x64.ActiveCfg = Debug|Any CPU
		{4F97DFEE-600F-49F0-9A99-B388231B70B0}.Debug|x64.Build.0 = Debug|Any CPU
		{4F97DFEE-600F-49F0-9A99-B388231B70B0}.Debug|x86.ActiveCfg = Debug|Any CPU
		{4F97DFEE-600F-49F0-9A99-B388231B70B0}.Debug|x86.Build.0 = Debug|Any CPU
		{4F97DFEE-600F-49F0-9A99-B388231B70B0}.Release|Any CPU.ActiveCfg = Release|Any CPU
		{4F97DFEE-600F-49F0-9A99-B388231B70B0}.Release|Any CPU.Build.0 = Release|Any CPU
		{4F97DFEE-600F-49F0-9A99-B388231B70B0}.Release|x64.ActiveCfg = Release|Any CPU
		{4F97DFEE-600F-49F0-9A99-B388231B70B0}.Release|x64.Build.0 = Release|Any CPU
		{4F97DFEE-600F-49F0-9A99-B388231B70B0}.Release|x86.ActiveCfg = Release|Any CPU
		{4F97DFEE-600F-49F0-9A99-B388231B70B0}.Release|x86.Build.0 = Release|Any CPU
		{7C79D18B-2AC0-4788-A0BF-9516EDDB5A7C}.Debug|Any CPU.ActiveCfg = Debug|Any CPU
		{7C79D18B-2AC0-4788-A0BF-9516EDDB5A7C}.Debug|Any CPU.Build.0 = Debug|Any CPU
		{7C79D18B-2AC0-4788-A0BF-9516EDDB5A7C}.Debug|x64.ActiveCfg = Debug|Any CPU
		{7C79D18B-2AC0-4788-A0BF-9516EDDB5A7C}.Debug|x64.Build.0 = Debug|Any CPU
		{7C79D18B-2AC0-4788-A0BF-9516EDDB5A7C}.Debug|x86.ActiveCfg = Debug|Any CPU
		{7C79D18B-2AC0-4788-A0BF-9516EDDB5A7C}.Debug|x86.Build.0 = Debug|Any CPU
		{7C79D18B-2AC0-4788-A0BF-9516EDDB5A7C}.Release|Any CPU.ActiveCfg = Release|Any CPU
		{7C79D18B-2AC0-4788-A0BF-9516EDDB5A7C}.Release|Any CPU.Build.0 = Release|Any CPU
		{7C79D18B-2AC0-4788-A0BF-9516EDDB5A7C}.Release|x64.ActiveCfg = Release|Any CPU
		{7C79D18B-2AC0-4788-A0BF-9516EDDB5A7C}.Release|x64.Build.0 = Release|Any CPU
		{7C79D18B-2AC0-4788-A0BF-9516EDDB5A7C}.Release|x86.ActiveCfg = Release|Any CPU
		{7C79D18B-2AC0-4788-A0BF-9516EDDB5A7C}.Release|x86.Build.0 = Release|Any CPU
		{6DCF4184-C602-4880-BB29-2237F2E2D96A}.Debug|Any CPU.ActiveCfg = Debug|Any CPU
		{6DCF4184-C602-4880-BB29-2237F2E2D96A}.Debug|Any CPU.Build.0 = Debug|Any CPU
		{6DCF4184-C602-4880-BB29-2237F2E2D96A}.Debug|x64.ActiveCfg = Debug|Any CPU
		{6DCF4184-C602-4880-BB29-2237F2E2D96A}.Debug|x64.Build.0 = Debug|Any CPU
		{6DCF4184-C602-4880-BB29-2237F2E2D96A}.Debug|x86.ActiveCfg = Debug|Any CPU
		{6DCF4184-C602-4880-BB29-2237F2E2D96A}.Debug|x86.Build.0 = Debug|Any CPU
		{6DCF4184-C602-4880-BB29-2237F2E2D96A}.Release|Any CPU.ActiveCfg = Release|Any CPU
		{6DCF4184-C602-4880-BB29-2237F2E2D96A}.Release|Any CPU.Build.0 = Release|Any CPU
		{6DCF4184-C602-4880-BB29-2237F2E2D96A}.Release|x64.ActiveCfg = Release|Any CPU
		{6DCF4184-C602-4880-BB29-2237F2E2D96A}.Release|x64.Build.0 = Release|Any CPU
		{6DCF4184-C602-4880-BB29-2237F2E2D96A}.Release|x86.ActiveCfg = Release|Any CPU
		{6DCF4184-C602-4880-BB29-2237F2E2D96A}.Release|x86.Build.0 = Release|Any CPU
	EndGlobalSection
	GlobalSection(SolutionProperties) = preSolution
		HideSolutionNode = FALSE
	EndGlobalSection
	GlobalSection(NestedProjects) = preSolution
		{4F1B5E55-EB15-4CC4-8F61-B44A129272EB} = {827E0CD3-B72D-47B6-A68D-7590B98EB39B}
		{9E5D04BD-E2D4-4EDD-BC8D-BF1CC9AD0A9B} = {827E0CD3-B72D-47B6-A68D-7590B98EB39B}
		{0E7ECC44-2469-46E6-B978-8CEE21FC1115} = {827E0CD3-B72D-47B6-A68D-7590B98EB39B}
		{7F518A21-7F09-458D-9370-9CEFEACD912B} = {827E0CD3-B72D-47B6-A68D-7590B98EB39B}
		{9832CA87-3C06-410B-B7EA-D20FE10E8BF4} = {827E0CD3-B72D-47B6-A68D-7590B98EB39B}
		{4F97DFEE-600F-49F0-9A99-B388231B70B0} = {827E0CD3-B72D-47B6-A68D-7590B98EB39B}
		{7C79D18B-2AC0-4788-A0BF-9516EDDB5A7C} = {5F265CF5-8074-4E9F-A791-91FD611FB31C}
		{6DCF4184-C602-4880-BB29-2237F2E2D96A} = {5F265CF5-8074-4E9F-A791-91FD611FB31C}
	EndGlobalSection
EndGlobal
